// !$*UTF8*$!
{
	archiveVersion = 1;
	classes = {
	};
	objectVersion = 48;
	objects = {

/* Begin PBXBuildFile section */
		27352E421398EF2190EE124E /* Pods_FireBaseChat.framework in Frameworks */ = {isa = PBXBuildFile; fileRef = 652D0F392284D280BA45233E /* Pods_FireBaseChat.framework */; };
		9B026DF8205FB334003EEDAF /* AppDelegate.swift in Sources */ = {isa = PBXBuildFile; fileRef = 9B026DF7205FB334003EEDAF /* AppDelegate.swift */; };
		9B026DFF205FB334003EEDAF /* Assets.xcassets in Resources */ = {isa = PBXBuildFile; fileRef = 9B026DFE205FB334003EEDAF /* Assets.xcassets */; };
		9B026E02205FB334003EEDAF /* LaunchScreen.storyboard in Resources */ = {isa = PBXBuildFile; fileRef = 9B026E00205FB334003EEDAF /* LaunchScreen.storyboard */; };
		9B026E0A205FB3B4003EEDAF /* Main.storyboard in Resources */ = {isa = PBXBuildFile; fileRef = 9B026E09205FB3B4003EEDAF /* Main.storyboard */; };
		9B026E0E205FB419003EEDAF /* LoginViewController.swift in Sources */ = {isa = PBXBuildFile; fileRef = 9B026E0D205FB419003EEDAF /* LoginViewController.swift */; };
		9B026E10205FB4CA003EEDAF /* ChatViewController.swift in Sources */ = {isa = PBXBuildFile; fileRef = 9B026E0F205FB4CA003EEDAF /* ChatViewController.swift */; };
		9B026E80205FBF4D003EEDAF /* dummyUser.png in Resources */ = {isa = PBXBuildFile; fileRef = 9B026E6B205FBF4D003EEDAF /* dummyUser.png */; };
		9B026E81205FBF4D003EEDAF /* profileImage.png in Resources */ = {isa = PBXBuildFile; fileRef = 9B026E6C205FBF4D003EEDAF /* profileImage.png */; };
		9B026E82205FBF4D003EEDAF /* googleButton.png in Resources */ = {isa = PBXBuildFile; fileRef = 9B026E6D205FBF4D003EEDAF /* googleButton.png */; };
		9B026E83205FBF4D003EEDAF /* OrLine.png in Resources */ = {isa = PBXBuildFile; fileRef = 9B026E6E205FBF4D003EEDAF /* OrLine.png */; };
		9B026E84205FBF4D003EEDAF /* 342931680.mp4 in Resources */ = {isa = PBXBuildFile; fileRef = 9B026E6F205FBF4D003EEDAF /* 342931680.mp4 */; };
		9B026E85205FBF4D003EEDAF /* photo-1466734565930-ebce5d79c052.jpeg in Resources */ = {isa = PBXBuildFile; fileRef = 9B026E70205FBF4D003EEDAF /* photo-1466734565930-ebce5d79c052.jpeg */; };
		9B026E86205FBF4D003EEDAF /* photo-1466698362773-fc1fa30fc712.jpeg in Resources */ = {isa = PBXBuildFile; fileRef = 9B026E71205FBF4D003EEDAF /* photo-1466698362773-fc1fa30fc712.jpeg */; };
		9B026E87205FBF4D003EEDAF /* photo-1439694458393-78ecf14da7f9.jpeg in Resources */ = {isa = PBXBuildFile; fileRef = 9B026E72205FBF4D003EEDAF /* photo-1439694458393-78ecf14da7f9.jpeg */; };
		9B026E88205FBF4D003EEDAF /* Icon in Resources */ = {isa = PBXBuildFile; fileRef = 9B026E73205FBF4D003EEDAF /* Icon */; };
		9B026E89205FBF4D003EEDAF /* photo-1449452198679-05c7fd30f416.jpeg in Resources */ = {isa = PBXBuildFile; fileRef = 9B026E74205FBF4D003EEDAF /* photo-1449452198679-05c7fd30f416.jpeg */; };
		9B026E8A205FBF4D003EEDAF /* OE8IQJSCCN.jpg in Resources */ = {isa = PBXBuildFile; fileRef = 9B026E75205FBF4D003EEDAF /* OE8IQJSCCN.jpg */; };
		9B026E8B205FBF4D003EEDAF /* photo-1415226161018-3ec581fa733d.jpeg in Resources */ = {isa = PBXBuildFile; fileRef = 9B026E76205FBF4D003EEDAF /* photo-1415226161018-3ec581fa733d.jpeg */; };
		9B026E8C205FBF4D003EEDAF /* 342468256.mp4 in Resources */ = {isa = PBXBuildFile; fileRef = 9B026E77205FBF4D003EEDAF /* 342468256.mp4 */; };
		9B026E8D205FBF4D003EEDAF /* photo.jpg in Resources */ = {isa = PBXBuildFile; fileRef = 9B026E78205FBF4D003EEDAF /* photo.jpg */; };
		9B026E8E205FBF4D003EEDAF /* 350950598.mp4 in Resources */ = {isa = PBXBuildFile; fileRef = 9B026E79205FBF4D003EEDAF /* 350950598.mp4 */; };
		9B026E8F205FBF4D003EEDAF /* photo-1440558899941-2b58b4b0e6ad.jpeg in Resources */ = {isa = PBXBuildFile; fileRef = 9B026E7A205FBF4D003EEDAF /* photo-1440558899941-2b58b4b0e6ad.jpeg */; };
		9B026E90205FBF4D003EEDAF /* photo-1437651025703-2858c944e3eb.jpeg in Resources */ = {isa = PBXBuildFile; fileRef = 9B026E7B205FBF4D003EEDAF /* photo-1437651025703-2858c944e3eb.jpeg */; };
		9B026E91205FBF4D003EEDAF /* Resources-GoChat.zip in Resources */ = {isa = PBXBuildFile; fileRef = 9B026E7C205FBF4D003EEDAF /* Resources-GoChat.zip */; };
		9B026E93205FBF4D003EEDAF /* photo-1431538510849-b719825bf08b.jpeg in Resources */ = {isa = PBXBuildFile; fileRef = 9B026E7E205FBF4D003EEDAF /* photo-1431538510849-b719825bf08b.jpeg */; };
		9B026E94205FBF4D003EEDAF /* photo-1429547584745-d8bec594c82e.jpeg in Resources */ = {isa = PBXBuildFile; fileRef = 9B026E7F205FBF4D003EEDAF /* photo-1429547584745-d8bec594c82e.jpeg */; };
		9B026E96205FC480003EEDAF /* backgroundPhoto.png in Resources */ = {isa = PBXBuildFile; fileRef = 9B026E95205FC480003EEDAF /* backgroundPhoto.png */; };
		9B026E98205FEC06003EEDAF /* GoogleService-Info.plist in Resources */ = {isa = PBXBuildFile; fileRef = 9B026E97205FEC06003EEDAF /* GoogleService-Info.plist */; };
		9B026E9A205FF727003EEDAF /* Helper.swift in Sources */ = {isa = PBXBuildFile; fileRef = 9B026E99205FF727003EEDAF /* Helper.swift */; };
/* End PBXBuildFile section */

/* Begin PBXFileReference section */
		0DDBB951BD62B3B1FC82DAFB /* Pods-FireBaseChat.debug.xcconfig */ = {isa = PBXFileReference; includeInIndex = 1; lastKnownFileType = text.xcconfig; name = "Pods-FireBaseChat.debug.xcconfig"; path = "Pods/Target Support Files/Pods-FireBaseChat/Pods-FireBaseChat.debug.xcconfig"; sourceTree = "<group>"; };
		652D0F392284D280BA45233E /* Pods_FireBaseChat.framework */ = {isa = PBXFileReference; explicitFileType = wrapper.framework; includeInIndex = 0; path = Pods_FireBaseChat.framework; sourceTree = BUILT_PRODUCTS_DIR; };
		9B026DF4205FB334003EEDAF /* FireBaseChat.app */ = {isa = PBXFileReference; explicitFileType = wrapper.application; includeInIndex = 0; path = FireBaseChat.app; sourceTree = BUILT_PRODUCTS_DIR; };
		9B026DF7205FB334003EEDAF /* AppDelegate.swift */ = {isa = PBXFileReference; lastKnownFileType = sourcecode.swift; path = AppDelegate.swift; sourceTree = "<group>"; };
		9B026DFE205FB334003EEDAF /* Assets.xcassets */ = {isa = PBXFileReference; lastKnownFileType = folder.assetcatalog; path = Assets.xcassets; sourceTree = "<group>"; };
		9B026E01205FB334003EEDAF /* Base */ = {isa = PBXFileReference; lastKnownFileType = file.storyboard; name = Base; path = Base.lproj/LaunchScreen.storyboard; sourceTree = "<group>"; };
		9B026E03205FB334003EEDAF /* Info.plist */ = {isa = PBXFileReference; lastKnownFileType = text.plist.xml; path = Info.plist; sourceTree = "<group>"; };
		9B026E09205FB3B4003EEDAF /* Main.storyboard */ = {isa = PBXFileReference; lastKnownFileType = file.storyboard; path = Main.storyboard; sourceTree = "<group>"; };
		9B026E0D205FB419003EEDAF /* LoginViewController.swift */ = {isa = PBXFileReference; lastKnownFileType = sourcecode.swift; path = LoginViewController.swift; sourceTree = "<group>"; };
		9B026E0F205FB4CA003EEDAF /* ChatViewController.swift */ = {isa = PBXFileReference; lastKnownFileType = sourcecode.swift; path = ChatViewController.swift; sourceTree = "<group>"; };
		9B026E6B205FBF4D003EEDAF /* dummyUser.png */ = {isa = PBXFileReference; lastKnownFileType = image.png; path = dummyUser.png; sourceTree = "<group>"; };
		9B026E6C205FBF4D003EEDAF /* profileImage.png */ = {isa = PBXFileReference; lastKnownFileType = image.png; path = profileImage.png; sourceTree = "<group>"; };
		9B026E6D205FBF4D003EEDAF /* googleButton.png */ = {isa = PBXFileReference; lastKnownFileType = image.png; path = googleButton.png; sourceTree = "<group>"; };
		9B026E6E205FBF4D003EEDAF /* OrLine.png */ = {isa = PBXFileReference; lastKnownFileType = image.png; path = OrLine.png; sourceTree = "<group>"; };
		9B026E6F205FBF4D003EEDAF /* 342931680.mp4 */ = {isa = PBXFileReference; lastKnownFileType = file; path = 342931680.mp4; sourceTree = "<group>"; };
		9B026E70205FBF4D003EEDAF /* photo-1466734565930-ebce5d79c052.jpeg */ = {isa = PBXFileReference; lastKnownFileType = image.jpeg; path = "photo-1466734565930-ebce5d79c052.jpeg"; sourceTree = "<group>"; };
		9B026E71205FBF4D003EEDAF /* photo-1466698362773-fc1fa30fc712.jpeg */ = {isa = PBXFileReference; lastKnownFileType = image.jpeg; path = "photo-1466698362773-fc1fa30fc712.jpeg"; sourceTree = "<group>"; };
		9B026E72205FBF4D003EEDAF /* photo-1439694458393-78ecf14da7f9.jpeg */ = {isa = PBXFileReference; lastKnownFileType = image.jpeg; path = "photo-1439694458393-78ecf14da7f9.jpeg"; sourceTree = "<group>"; };
		9B026E73205FBF4D003EEDAF /* Icon */ = {isa = PBXFileReference; fileEncoding = 4; lastKnownFileType = text; path = "Icon\r"; sourceTree = "<group>"; };
		9B026E74205FBF4D003EEDAF /* photo-1449452198679-05c7fd30f416.jpeg */ = {isa = PBXFileReference; lastKnownFileType = image.jpeg; path = "photo-1449452198679-05c7fd30f416.jpeg"; sourceTree = "<group>"; };
		9B026E75205FBF4D003EEDAF /* OE8IQJSCCN.jpg */ = {isa = PBXFileReference; lastKnownFileType = image.jpeg; path = OE8IQJSCCN.jpg; sourceTree = "<group>"; };
		9B026E76205FBF4D003EEDAF /* photo-1415226161018-3ec581fa733d.jpeg */ = {isa = PBXFileReference; lastKnownFileType = image.jpeg; path = "photo-1415226161018-3ec581fa733d.jpeg"; sourceTree = "<group>"; };
		9B026E77205FBF4D003EEDAF /* 342468256.mp4 */ = {isa = PBXFileReference; lastKnownFileType = file; path = 342468256.mp4; sourceTree = "<group>"; };
		9B026E78205FBF4D003EEDAF /* photo.jpg */ = {isa = PBXFileReference; lastKnownFileType = image.jpeg; path = photo.jpg; sourceTree = "<group>"; };
		9B026E79205FBF4D003EEDAF /* 350950598.mp4 */ = {isa = PBXFileReference; lastKnownFileType = file; path = 350950598.mp4; sourceTree = "<group>"; };
		9B026E7A205FBF4D003EEDAF /* photo-1440558899941-2b58b4b0e6ad.jpeg */ = {isa = PBXFileReference; lastKnownFileType = image.jpeg; path = "photo-1440558899941-2b58b4b0e6ad.jpeg"; sourceTree = "<group>"; };
		9B026E7B205FBF4D003EEDAF /* photo-1437651025703-2858c944e3eb.jpeg */ = {isa = PBXFileReference; lastKnownFileType = image.jpeg; path = "photo-1437651025703-2858c944e3eb.jpeg"; sourceTree = "<group>"; };
		9B026E7C205FBF4D003EEDAF /* Resources-GoChat.zip */ = {isa = PBXFileReference; lastKnownFileType = archive.zip; path = "Resources-GoChat.zip"; sourceTree = "<group>"; };
		9B026E7E205FBF4D003EEDAF /* photo-1431538510849-b719825bf08b.jpeg */ = {isa = PBXFileReference; lastKnownFileType = image.jpeg; path = "photo-1431538510849-b719825bf08b.jpeg"; sourceTree = "<group>"; };
		9B026E7F205FBF4D003EEDAF /* photo-1429547584745-d8bec594c82e.jpeg */ = {isa = PBXFileReference; lastKnownFileType = image.jpeg; path = "photo-1429547584745-d8bec594c82e.jpeg"; sourceTree = "<group>"; };
		9B026E95205FC480003EEDAF /* backgroundPhoto.png */ = {isa = PBXFileReference; lastKnownFileType = image.png; path = backgroundPhoto.png; sourceTree = "<group>"; };
		9B026E97205FEC06003EEDAF /* GoogleService-Info.plist */ = {isa = PBXFileReference; fileEncoding = 4; lastKnownFileType = text.plist.xml; path = "GoogleService-Info.plist"; sourceTree = "<group>"; };
		9B026E99205FF727003EEDAF /* Helper.swift */ = {isa = PBXFileReference; lastKnownFileType = sourcecode.swift; path = Helper.swift; sourceTree = "<group>"; };
		B03900F4E7414AECB273DCF1 /* Pods-FireBaseChat.release.xcconfig */ = {isa = PBXFileReference; includeInIndex = 1; lastKnownFileType = text.xcconfig; name = "Pods-FireBaseChat.release.xcconfig"; path = "Pods/Target Support Files/Pods-FireBaseChat/Pods-FireBaseChat.release.xcconfig"; sourceTree = "<group>"; };
/* End PBXFileReference section */

/* Begin PBXFrameworksBuildPhase section */
		9B026DF1205FB334003EEDAF /* Frameworks */ = {
			isa = PBXFrameworksBuildPhase;
			buildActionMask = 2147483647;
			files = (
				27352E421398EF2190EE124E /* Pods_FireBaseChat.framework in Frameworks */,
			);
			runOnlyForDeploymentPostprocessing = 0;
		};
/* End PBXFrameworksBuildPhase section */

/* Begin PBXGroup section */
		6B9F90E6F047DB655ED833F1 /* Frameworks */ = {
			isa = PBXGroup;
			children = (
				652D0F392284D280BA45233E /* Pods_FireBaseChat.framework */,
			);
			name = Frameworks;
			sourceTree = "<group>";
		};
		9B026DEB205FB334003EEDAF = {
			isa = PBXGroup;
			children = (
				9B026DF6205FB334003EEDAF /* FireBaseChat */,
				9B026DF5205FB334003EEDAF /* Products */,
				DB680F7DD24A3D5895EDAF2D /* Pods */,
				6B9F90E6F047DB655ED833F1 /* Frameworks */,
			);
			sourceTree = "<group>";
		};
		9B026DF5205FB334003EEDAF /* Products */ = {
			isa = PBXGroup;
			children = (
				9B026DF4205FB334003EEDAF /* FireBaseChat.app */,
			);
			name = Products;
			sourceTree = "<group>";
		};
		9B026DF6205FB334003EEDAF /* FireBaseChat */ = {
			isa = PBXGroup;
			children = (
				9B026E97205FEC06003EEDAF /* GoogleService-Info.plist */,
				9B026E69205FBF4D003EEDAF /* Resources */,
				9B026DF7205FB334003EEDAF /* AppDelegate.swift */,
				9B026DFE205FB334003EEDAF /* Assets.xcassets */,
				9B026E09205FB3B4003EEDAF /* Main.storyboard */,
				9B026E0F205FB4CA003EEDAF /* ChatViewController.swift */,
				9B026E0D205FB419003EEDAF /* LoginViewController.swift */,
				9B026E99205FF727003EEDAF /* Helper.swift */,
				9B026E00205FB334003EEDAF /* LaunchScreen.storyboard */,
				9B026E03205FB334003EEDAF /* Info.plist */,
			);
			path = FireBaseChat;
			sourceTree = "<group>";
		};
		9B026E69205FBF4D003EEDAF /* Resources */ = {
			isa = PBXGroup;
			children = (
				9B026E95205FC480003EEDAF /* backgroundPhoto.png */,
				9B026E6A205FBF4D003EEDAF /* Resources-GoChat */,
				9B026E6F205FBF4D003EEDAF /* 342931680.mp4 */,
				9B026E70205FBF4D003EEDAF /* photo-1466734565930-ebce5d79c052.jpeg */,
				9B026E71205FBF4D003EEDAF /* photo-1466698362773-fc1fa30fc712.jpeg */,
				9B026E72205FBF4D003EEDAF /* photo-1439694458393-78ecf14da7f9.jpeg */,
				9B026E73205FBF4D003EEDAF /* Icon */,
				9B026E74205FBF4D003EEDAF /* photo-1449452198679-05c7fd30f416.jpeg */,
				9B026E75205FBF4D003EEDAF /* OE8IQJSCCN.jpg */,
				9B026E76205FBF4D003EEDAF /* photo-1415226161018-3ec581fa733d.jpeg */,
				9B026E77205FBF4D003EEDAF /* 342468256.mp4 */,
				9B026E79205FBF4D003EEDAF /* 350950598.mp4 */,
				9B026E78205FBF4D003EEDAF /* photo.jpg */,
				9B026E7A205FBF4D003EEDAF /* photo-1440558899941-2b58b4b0e6ad.jpeg */,
				9B026E7B205FBF4D003EEDAF /* photo-1437651025703-2858c944e3eb.jpeg */,
				9B026E7C205FBF4D003EEDAF /* Resources-GoChat.zip */,
				9B026E7E205FBF4D003EEDAF /* photo-1431538510849-b719825bf08b.jpeg */,
				9B026E7F205FBF4D003EEDAF /* photo-1429547584745-d8bec594c82e.jpeg */,
			);
			path = Resources;
			sourceTree = "<group>";
		};
		9B026E6A205FBF4D003EEDAF /* Resources-GoChat */ = {
			isa = PBXGroup;
			children = (
				9B026E6B205FBF4D003EEDAF /* dummyUser.png */,
				9B026E6C205FBF4D003EEDAF /* profileImage.png */,
				9B026E6D205FBF4D003EEDAF /* googleButton.png */,
				9B026E6E205FBF4D003EEDAF /* OrLine.png */,
			);
			path = "Resources-GoChat";
			sourceTree = "<group>";
		};
		DB680F7DD24A3D5895EDAF2D /* Pods */ = {
			isa = PBXGroup;
			children = (
				0DDBB951BD62B3B1FC82DAFB /* Pods-FireBaseChat.debug.xcconfig */,
				B03900F4E7414AECB273DCF1 /* Pods-FireBaseChat.release.xcconfig */,
			);
			name = Pods;
			sourceTree = "<group>";
		};
/* End PBXGroup section */

/* Begin PBXNativeTarget section */
		9B026DF3205FB334003EEDAF /* FireBaseChat */ = {
			isa = PBXNativeTarget;
			buildConfigurationList = 9B026E06205FB334003EEDAF /* Build configuration list for PBXNativeTarget "FireBaseChat" */;
			buildPhases = (
				9B9A38217E5D9954CA67582B /* [CP] Check Pods Manifest.lock */,
				9B026DF0205FB334003EEDAF /* Sources */,
				9B026DF1205FB334003EEDAF /* Frameworks */,
				9B026DF2205FB334003EEDAF /* Resources */,
				75A9BFA99D29FE9FD596A410 /* [CP] Embed Pods Frameworks */,
				358CD2EE6A790F69CA39C8C5 /* [CP] Copy Pods Resources */,
			);
			buildRules = (
			);
			dependencies = (
			);
			name = FireBaseChat;
			productName = FireBaseChat;
			productReference = 9B026DF4205FB334003EEDAF /* FireBaseChat.app */;
			productType = "com.apple.product-type.application";
		};
/* End PBXNativeTarget section */

/* Begin PBXProject section */
		9B026DEC205FB334003EEDAF /* Project object */ = {
			isa = PBXProject;
			attributes = {
				LastSwiftUpdateCheck = 0920;
				LastUpgradeCheck = 0920;
				ORGANIZATIONNAME = "Kejsi Struga";
				TargetAttributes = {
					9B026DF3205FB334003EEDAF = {
						CreatedOnToolsVersion = 9.2;
						ProvisioningStyle = Automatic;
					};
				};
			};
			buildConfigurationList = 9B026DEF205FB334003EEDAF /* Build configuration list for PBXProject "FireBaseChat" */;
			compatibilityVersion = "Xcode 8.0";
			developmentRegion = en;
			hasScannedForEncodings = 0;
			knownRegions = (
				en,
				Base,
			);
			mainGroup = 9B026DEB205FB334003EEDAF;
			productRefGroup = 9B026DF5205FB334003EEDAF /* Products */;
			projectDirPath = "";
			projectRoot = "";
			targets = (
				9B026DF3205FB334003EEDAF /* FireBaseChat */,
			);
		};
/* End PBXProject section */

/* Begin PBXResourcesBuildPhase section */
		9B026DF2205FB334003EEDAF /* Resources */ = {
			isa = PBXResourcesBuildPhase;
			buildActionMask = 2147483647;
			files = (
				9B026E93205FBF4D003EEDAF /* photo-1431538510849-b719825bf08b.jpeg in Resources */,
				9B026E91205FBF4D003EEDAF /* Resources-GoChat.zip in Resources */,
				9B026E98205FEC06003EEDAF /* GoogleService-Info.plist in Resources */,
				9B026E8E205FBF4D003EEDAF /* 350950598.mp4 in Resources */,
				9B026E84205FBF4D003EEDAF /* 342931680.mp4 in Resources */,
				9B026E87205FBF4D003EEDAF /* photo-1439694458393-78ecf14da7f9.jpeg in Resources */,
				9B026E0A205FB3B4003EEDAF /* Main.storyboard in Resources */,
				9B026E88205FBF4D003EEDAF /* Icon in Resources */,
				9B026E8C205FBF4D003EEDAF /* 342468256.mp4 in Resources */,
				9B026E96205FC480003EEDAF /* backgroundPhoto.png in Resources */,
				9B026E94205FBF4D003EEDAF /* photo-1429547584745-d8bec594c82e.jpeg in Resources */,
				9B026E02205FB334003EEDAF /* LaunchScreen.storyboard in Resources */,
				9B026E90205FBF4D003EEDAF /* photo-1437651025703-2858c944e3eb.jpeg in Resources */,
				9B026E82205FBF4D003EEDAF /* googleButton.png in Resources */,
				9B026E89205FBF4D003EEDAF /* photo-1449452198679-05c7fd30f416.jpeg in Resources */,
				9B026DFF205FB334003EEDAF /* Assets.xcassets in Resources */,
				9B026E8D205FBF4D003EEDAF /* photo.jpg in Resources */,
				9B026E81205FBF4D003EEDAF /* profileImage.png in Resources */,
				9B026E86205FBF4D003EEDAF /* photo-1466698362773-fc1fa30fc712.jpeg in Resources */,
				9B026E8F205FBF4D003EEDAF /* photo-1440558899941-2b58b4b0e6ad.jpeg in Resources */,
				9B026E8B205FBF4D003EEDAF /* photo-1415226161018-3ec581fa733d.jpeg in Resources */,
				9B026E8A205FBF4D003EEDAF /* OE8IQJSCCN.jpg in Resources */,
				9B026E80205FBF4D003EEDAF /* dummyUser.png in Resources */,
				9B026E83205FBF4D003EEDAF /* OrLine.png in Resources */,
				9B026E85205FBF4D003EEDAF /* photo-1466734565930-ebce5d79c052.jpeg in Resources */,
			);
			runOnlyForDeploymentPostprocessing = 0;
		};
/* End PBXResourcesBuildPhase section */

/* Begin PBXShellScriptBuildPhase section */
		358CD2EE6A790F69CA39C8C5 /* [CP] Copy Pods Resources */ = {
			isa = PBXShellScriptBuildPhase;
			buildActionMask = 2147483647;
			files = (
			);
			inputPaths = (
				"${SRCROOT}/Pods/Target Support Files/Pods-FireBaseChat/Pods-FireBaseChat-resources.sh",
				"${PODS_ROOT}/GoogleSignIn/Resources/GoogleSignIn.bundle",
			);
			name = "[CP] Copy Pods Resources";
			outputPaths = (
				"${TARGET_BUILD_DIR}/${UNLOCALIZED_RESOURCES_FOLDER_PATH}/GoogleSignIn.bundle",
			);
			runOnlyForDeploymentPostprocessing = 0;
			shellPath = /bin/sh;
			shellScript = "\"${SRCROOT}/Pods/Target Support Files/Pods-FireBaseChat/Pods-FireBaseChat-resources.sh\"\n";
			showEnvVarsInLog = 0;
		};
		75A9BFA99D29FE9FD596A410 /* [CP] Embed Pods Frameworks */ = {
			isa = PBXShellScriptBuildPhase;
			buildActionMask = 2147483647;
			files = (
			);
			inputPaths = (
				"${SRCROOT}/Pods/Target Support Files/Pods-FireBaseChat/Pods-FireBaseChat-frameworks.sh",
				"${BUILT_PRODUCTS_DIR}/GTMOAuth2/GTMOAuth2.framework",
				"${BUILT_PRODUCTS_DIR}/GTMSessionFetcher/GTMSessionFetcher.framework",
				"${BUILT_PRODUCTS_DIR}/GoogleToolboxForMac/GoogleToolboxForMac.framework",
				"${BUILT_PRODUCTS_DIR}/JSQMessagesViewController/JSQMessagesViewController.framework",
				"${BUILT_PRODUCTS_DIR}/JSQSystemSoundPlayer/JSQSystemSoundPlayer.framework",
				"${BUILT_PRODUCTS_DIR}/SDWebImage/SDWebImage.framework",
				"${BUILT_PRODUCTS_DIR}/leveldb-library/leveldb.framework",
				"${BUILT_PRODUCTS_DIR}/nanopb/nanopb.framework",
			);
			name = "[CP] Embed Pods Frameworks";
			outputPaths = (
				"${TARGET_BUILD_DIR}/${FRAMEWORKS_FOLDER_PATH}/GTMOAuth2.framework",
				"${TARGET_BUILD_DIR}/${FRAMEWORKS_FOLDER_PATH}/GTMSessionFetcher.framework",
				"${TARGET_BUILD_DIR}/${FRAMEWORKS_FOLDER_PATH}/GoogleToolboxForMac.framework",
				"${TARGET_BUILD_DIR}/${FRAMEWORKS_FOLDER_PATH}/JSQMessagesViewController.framework",
				"${TARGET_BUILD_DIR}/${FRAMEWORKS_FOLDER_PATH}/JSQSystemSoundPlayer.framework",
				"${TARGET_BUILD_DIR}/${FRAMEWORKS_FOLDER_PATH}/SDWebImage.framework",
				"${TARGET_BUILD_DIR}/${FRAMEWORKS_FOLDER_PATH}/leveldb.framework",
				"${TARGET_BUILD_DIR}/${FRAMEWORKS_FOLDER_PATH}/nanopb.framework",
			);
			runOnlyForDeploymentPostprocessing = 0;
			shellPath = /bin/sh;
			shellScript = "\"${SRCROOT}/Pods/Target Support Files/Pods-FireBaseChat/Pods-FireBaseChat-frameworks.sh\"\n";
			showEnvVarsInLog = 0;
		};
		9B9A38217E5D9954CA67582B /* [CP] Check Pods Manifest.lock */ = {
			isa = PBXShellScriptBuildPhase;
			buildActionMask = 2147483647;
			files = (
			);
			inputPaths = (
				"${PODS_PODFILE_DIR_PATH}/Podfile.lock",
				"${PODS_ROOT}/Manifest.lock",
			);
			name = "[CP] Check Pods Manifest.lock";
			outputPaths = (
				"$(DERIVED_FILE_DIR)/Pods-FireBaseChat-checkManifestLockResult.txt",
			);
			runOnlyForDeploymentPostprocessing = 0;
			shellPath = /bin/sh;
			shellScript = "diff \"${PODS_PODFILE_DIR_PATH}/Podfile.lock\" \"${PODS_ROOT}/Manifest.lock\" > /dev/null\nif [ $? != 0 ] ; then\n    # print error to STDERR\n    echo \"error: The sandbox is not in sync with the Podfile.lock. Run 'pod install' or update your CocoaPods installation.\" >&2\n    exit 1\nfi\n# This output is used by Xcode 'outputs' to avoid re-running this script phase.\necho \"SUCCESS\" > \"${SCRIPT_OUTPUT_FILE_0}\"\n";
			showEnvVarsInLog = 0;
		};
/* End PBXShellScriptBuildPhase section */

/* Begin PBXSourcesBuildPhase section */
		9B026DF0205FB334003EEDAF /* Sources */ = {
			isa = PBXSourcesBuildPhase;
			buildActionMask = 2147483647;
			files = (
				9B026E0E205FB419003EEDAF /* LoginViewController.swift in Sources */,
				9B026E10205FB4CA003EEDAF /* ChatViewController.swift in Sources */,
				9B026DF8205FB334003EEDAF /* AppDelegate.swift in Sources */,
				9B026E9A205FF727003EEDAF /* Helper.swift in Sources */,
			);
			runOnlyForDeploymentPostprocessing = 0;
		};
/* End PBXSourcesBuildPhase section */

/* Begin PBXVariantGroup section */
		9B026E00205FB334003EEDAF /* LaunchScreen.storyboard */ = {
			isa = PBXVariantGroup;
			children = (
				9B026E01205FB334003EEDAF /* Base */,
			);
			name = LaunchScreen.storyboard;
			sourceTree = "<group>";
		};
/* End PBXVariantGroup section */

/* Begin XCBuildConfiguration section */
		9B026E04205FB334003EEDAF /* Debug */ = {
			isa = XCBuildConfiguration;
			buildSettings = {
				ALWAYS_SEARCH_USER_PATHS = NO;
				CLANG_ANALYZER_NONNULL = YES;
				CLANG_ANALYZER_NUMBER_OBJECT_CONVERSION = YES_AGGRESSIVE;
				CLANG_CXX_LANGUAGE_STANDARD = "gnu++14";
				CLANG_CXX_LIBRARY = "libc++";
				CLANG_ENABLE_MODULES = YES;
				CLANG_ENABLE_OBJC_ARC = YES;
				CLANG_WARN_BLOCK_CAPTURE_AUTORELEASING = YES;
				CLANG_WARN_BOOL_CONVERSION = YES;
				CLANG_WARN_COMMA = YES;
				CLANG_WARN_CONSTANT_CONVERSION = YES;
				CLANG_WARN_DIRECT_OBJC_ISA_USAGE = YES_ERROR;
				CLANG_WARN_DOCUMENTATION_COMMENTS = YES;
				CLANG_WARN_EMPTY_BODY = YES;
				CLANG_WARN_ENUM_CONVERSION = YES;
				CLANG_WARN_INFINITE_RECURSION = YES;
				CLANG_WARN_INT_CONVERSION = YES;
				CLANG_WARN_NON_LITERAL_NULL_CONVERSION = YES;
				CLANG_WARN_OBJC_LITERAL_CONVERSION = YES;
				CLANG_WARN_OBJC_ROOT_CLASS = YES_ERROR;
				CLANG_WARN_RANGE_LOOP_ANALYSIS = YES;
				CLANG_WARN_STRICT_PROTOTYPES = YES;
				CLANG_WARN_SUSPICIOUS_MOVE = YES;
				CLANG_WARN_UNGUARDED_AVAILABILITY = YES_AGGRESSIVE;
				CLANG_WARN_UNREACHABLE_CODE = YES;
				CLANG_WARN__DUPLICATE_METHOD_MATCH = YES;
				CODE_SIGN_IDENTITY = "iPhone Developer";
				COPY_PHASE_STRIP = NO;
				DEBUG_INFORMATION_FORMAT = dwarf;
				ENABLE_STRICT_OBJC_MSGSEND = YES;
				ENABLE_TESTABILITY = YES;
				GCC_C_LANGUAGE_STANDARD = gnu11;
				GCC_DYNAMIC_NO_PIC = NO;
				GCC_NO_COMMON_BLOCKS = YES;
				GCC_OPTIMIZATION_LEVEL = 0;
				GCC_PREPROCESSOR_DEFINITIONS = (
					"DEBUG=1",
					"$(inherited)",
				);
				GCC_WARN_64_TO_32_BIT_CONVERSION = YES;
				GCC_WARN_ABOUT_RETURN_TYPE = YES_ERROR;
				GCC_WARN_UNDECLARED_SELECTOR = YES;
				GCC_WARN_UNINITIALIZED_AUTOS = YES_AGGRESSIVE;
				GCC_WARN_UNUSED_FUNCTION = YES;
				GCC_WARN_UNUSED_VARIABLE = YES;
				IPHONEOS_DEPLOYMENT_TARGET = 11.2;
				MTL_ENABLE_DEBUG_INFO = YES;
				ONLY_ACTIVE_ARCH = YES;
				SDKROOT = iphoneos;
				SWIFT_ACTIVE_COMPILATION_CONDITIONS = DEBUG;
				SWIFT_OPTIMIZATION_LEVEL = "-Onone";
			};
			name = Debug;
		};
		9B026E05205FB334003EEDAF /* Release */ = {
			isa = XCBuildConfiguration;
			buildSettings = {
				ALWAYS_SEARCH_USER_PATHS = NO;
				CLANG_ANALYZER_NONNULL = YES;
				CLANG_ANALYZER_NUMBER_OBJECT_CONVERSION = YES_AGGRESSIVE;
				CLANG_CXX_LANGUAGE_STANDARD = "gnu++14";
				CLANG_CXX_LIBRARY = "libc++";
				CLANG_ENABLE_MODULES = YES;
				CLANG_ENABLE_OBJC_ARC = YES;
				CLANG_WARN_BLOCK_CAPTURE_AUTORELEASING = YES;
				CLANG_WARN_BOOL_CONVERSION = YES;
				CLANG_WARN_COMMA = YES;
				CLANG_WARN_CONSTANT_CONVERSION = YES;
				CLANG_WARN_DIRECT_OBJC_ISA_USAGE = YES_ERROR;
				CLANG_WARN_DOCUMENTATION_COMMENTS = YES;
				CLANG_WARN_EMPTY_BODY = YES;
				CLANG_WARN_ENUM_CONVERSION = YES;
				CLANG_WARN_INFINITE_RECURSION = YES;
				CLANG_WARN_INT_CONVERSION = YES;
				CLANG_WARN_NON_LITERAL_NULL_CONVERSION = YES;
				CLANG_WARN_OBJC_LITERAL_CONVERSION = YES;
				CLANG_WARN_OBJC_ROOT_CLASS = YES_ERROR;
				CLANG_WARN_RANGE_LOOP_ANALYSIS = YES;
				CLANG_WARN_STRICT_PROTOTYPES = YES;
				CLANG_WARN_SUSPICIOUS_MOVE = YES;
				CLANG_WARN_UNGUARDED_AVAILABILITY = YES_AGGRESSIVE;
				CLANG_WARN_UNREACHABLE_CODE = YES;
				CLANG_WARN__DUPLICATE_METHOD_MATCH = YES;
				CODE_SIGN_IDENTITY = "iPhone Developer";
				COPY_PHASE_STRIP = NO;
				DEBUG_INFORMATION_FORMAT = "dwarf-with-dsym";
				ENABLE_NS_ASSERTIONS = NO;
				ENABLE_STRICT_OBJC_MSGSEND = YES;
				GCC_C_LANGUAGE_STANDARD = gnu11;
				GCC_NO_COMMON_BLOCKS = YES;
				GCC_WARN_64_TO_32_BIT_CONVERSION = YES;
				GCC_WARN_ABOUT_RETURN_TYPE = YES_ERROR;
				GCC_WARN_UNDECLARED_SELECTOR = YES;
				GCC_WARN_UNINITIALIZED_AUTOS = YES_AGGRESSIVE;
				GCC_WARN_UNUSED_FUNCTION = YES;
				GCC_WARN_UNUSED_VARIABLE = YES;
				IPHONEOS_DEPLOYMENT_TARGET = 11.2;
				MTL_ENABLE_DEBUG_INFO = NO;
				SDKROOT = iphoneos;
				SWIFT_OPTIMIZATION_LEVEL = "-Owholemodule";
				VALIDATE_PRODUCT = YES;
			};
			name = Release;
		};
		9B026E07205FB334003EEDAF /* Debug */ = {
			isa = XCBuildConfiguration;
			baseConfigurationReference = 0DDBB951BD62B3B1FC82DAFB /* Pods-FireBaseChat.debug.xcconfig */;
			buildSettings = {
				ASSETCATALOG_COMPILER_APPICON_NAME = AppIcon;
				CODE_SIGN_STYLE = Automatic;
				INFOPLIST_FILE = FireBaseChat/Info.plist;
				LD_RUNPATH_SEARCH_PATHS = "$(inherited) @executable_path/Frameworks";
				PRODUCT_BUNDLE_IDENTIFIER = com.kejsi.FireBaseChat;
				PRODUCT_NAME = "$(TARGET_NAME)";
				SWIFT_VERSION = 4.0;
				TARGETED_DEVICE_FAMILY = "1,2";
			};
			name = Debug;
		};
		9B026E08205FB334003EEDAF /* Release */ = {
			isa = XCBuildConfiguration;
			baseConfigurationReference = B03900F4E7414AECB273DCF1 /* Pods-FireBaseChat.release.xcconfig */;
			buildSettings = {
				ASSETCATALOG_COMPILER_APPICON_NAME = AppIcon;
				CODE_SIGN_STYLE = Automatic;
				INFOPLIST_FILE = FireBaseChat/Info.plist;
				LD_RUNPATH_SEARCH_PATHS = "$(inherited) @executable_path/Frameworks";
				PRODUCT_BUNDLE_IDENTIFIER = com.kejsi.FireBaseChat;
				PRODUCT_NAME = "$(TARGET_NAME)";
				SWIFT_VERSION = 4.0;
				TARGETED_DEVICE_FAMILY = "1,2";
			};
			name = Release;
		};
/* End XCBuildConfiguration section */

/* Begin XCConfigurationList section */
		9B026DEF205FB334003EEDAF /* Build configuration list for PBXProject "FireBaseChat" */ = {
			isa = XCConfigurationList;
			buildConfigurations = (
				9B026E04205FB334003EEDAF /* Debug */,
				9B026E05205FB334003EEDAF /* Release */,
			);
			defaultConfigurationIsVisible = 0;
			defaultConfigurationName = Release;
		};
		9B026E06205FB334003EEDAF /* Build configuration list for PBXNativeTarget "FireBaseChat" */ = {
			isa = XCConfigurationList;
			buildConfigurations = (
				9B026E07205FB334003EEDAF /* Debug */,
				9B026E08205FB334003EEDAF /* Release */,
			);
			defaultConfigurationIsVisible = 0;
			defaultConfigurationName = Release;
		};
/* End XCConfigurationList section */
	};
	rootObject = 9B026DEC205FB334003EEDAF /* Project object */;
}
